
Microsoft Visual Studio Solution File, Format Version 12.00
# Visual Studio Version 16
VisualStudioVersion = 16.0.30225.117
MinimumVisualStudioVersion = 10.0.40219.1
Project("{FAE04EC0-301F-11D3-BF4B-00C04F79EFBC}") = "Profile", "Profile\Profile.csproj", "{FE870D4A-87AE-48B7-9602-96FF3B57E97E}"
EndProject
Global
	GlobalSection(SolutionConfigurationPlatforms) = preSolution
		Debug|Any CPU = Debug|Any CPU
		Release|Any CPU = Release|Any CPU
	EndGlobalSection
	GlobalSection(ProjectConfigurationPlatforms) = postSolution
		{FE870D4A-87AE-48B7-9602-96FF3B57E97E}.Debug|Any CPU.ActiveCfg = Debug|Any CPU
		{FE870D4A-87AE-48B7-9602-96FF3B57E97E}.Debug|Any CPU.Build.0 = Debug|Any CPU
		{FE870D4A-87AE-48B7-9602-96FF3B57E97E}.Release|Any CPU.ActiveCfg = Release|Any CPU
		{FE870D4A-87AE-48B7-9602-96FF3B57E97E}.Release|Any CPU.Build.0 = Release|Any CPU
	EndGlobalSection
	GlobalSection(SolutionProperties) = preSolution
		HideSolutionNode = FALSE
	EndGlobalSection
	GlobalSection(ExtensibilityGlobals) = postSolution
		SolutionGuid = {FFE3A559-F739-43C8-91F6-129DDE8A7926}
	EndGlobalSection
EndGlobal
